
Microsoft Visual Studio Solution File, Format Version 12.00
# Visual Studio Version 16
VisualStudioVersion = 16.0.29306.81
MinimumVisualStudioVersion = 10.0.40219.1
Project("{FAE04EC0-301F-11D3-BF4B-00C04F79EFBC}") = "EmployeeControl.Api", "EmployeeControl.Api\EmployeeControl.Api.csproj", "{8E423B50-BBB1-4BD2-A421-6E54A1BFB05F}"
EndProject
Global
	GlobalSection(SolutionConfigurationPlatforms) = preSolution
		Debug|Any CPU = Debug|Any CPU
		Release|Any CPU = Release|Any CPU
	EndGlobalSection
	GlobalSection(ProjectConfigurationPlatforms) = postSolution
		{8E423B50-BBB1-4BD2-A421-6E54A1BFB05F}.Debug|Any CPU.ActiveCfg = Debug|Any CPU
		{8E423B50-BBB1-4BD2-A421-6E54A1BFB05F}.Debug|Any CPU.Build.0 = Debug|Any CPU
		{8E423B50-BBB1-4BD2-A421-6E54A1BFB05F}.Release|Any CPU.ActiveCfg = Release|Any CPU
		{8E423B50-BBB1-4BD2-A421-6E54A1BFB05F}.Release|Any CPU.Build.0 = Release|Any CPU
	EndGlobalSection
	GlobalSection(SolutionProperties) = preSolution
		HideSolutionNode = FALSE
	EndGlobalSection
	GlobalSection(ExtensibilityGlobals) = postSolution
		SolutionGuid = {234328A4-00AB-4748-B18F-8755AC157A64}
	EndGlobalSection
EndGlobal
